
Microsoft Visual Studio Solution File, Format Version 12.00
# Visual Studio Version 17
VisualStudioVersion = 17.1.31911.260
MinimumVisualStudioVersion = 10.0.40219.1
Project("{FAE04EC0-301F-11D3-BF4B-00C04F79EFBC}") = "ReadCloudWatch", "ReadCloudWatch\ReadCloudWatch.csproj", "{6B28300A-B2FF-4CAA-9BAF-A6D103464782}"
EndProject
Project("{2150E333-8FDC-42A3-9474-1A3956D46DE8}") = "Solution Items", "Solution Items", "{41FD04D2-4FAC-46EA-B43B-9109AF2D7A9D}"
	ProjectSection(SolutionItems) = preProject
		.editorconfig = .editorconfig
	EndProjectSection
EndProject
Global
	GlobalSection(SolutionConfigurationPlatforms) = preSolution
		Debug|Any CPU = Debug|Any CPU
		Release|Any CPU = Release|Any CPU
	EndGlobalSection
	GlobalSection(ProjectConfigurationPlatforms) = postSolution
		{6B28300A-B2FF-4CAA-9BAF-A6D103464782}.Debug|Any CPU.ActiveCfg = Debug|Any CPU
		{6B28300A-B2FF-4CAA-9BAF-A6D103464782}.Debug|Any CPU.Build.0 = Debug|Any CPU
		{6B28300A-B2FF-4CAA-9BAF-A6D103464782}.Release|Any CPU.ActiveCfg = Release|Any CPU
		{6B28300A-B2FF-4CAA-9BAF-A6D103464782}.Release|Any CPU.Build.0 = Release|Any CPU
	EndGlobalSection
	GlobalSection(SolutionProperties) = preSolution
		HideSolutionNode = FALSE
	EndGlobalSection
	GlobalSection(ExtensibilityGlobals) = postSolution
		SolutionGuid = {189265B6-360A-4471-BFD2-CCBA3EE5D0B4}
	EndGlobalSection
EndGlobal
